
Microsoft Visual Studio Solution File, Format Version 12.00
# Visual Studio Version 17
VisualStudioVersion = 17.14.36717.8 d17.14
MinimumVisualStudioVersion = 10.0.40219.1
Project("{FAE04EC0-301F-11D3-BF4B-00C04F79EFBC}") = "Server", "Server.csproj", "{CC5461DE-7965-4FF8-8758-831BEE4B3DFC}"
EndProject
Global
	GlobalSection(SolutionConfigurationPlatforms) = preSolution
		Debug|Any CPU = Debug|Any CPU
		Release|Any CPU = Release|Any CPU
	EndGlobalSection
	GlobalSection(ProjectConfigurationPlatforms) = postSolution
		{CC5461DE-7965-4FF8-8758-831BEE4B3DFC}.Debug|Any CPU.ActiveCfg = Debug|Any CPU
		{CC5461DE-7965-4FF8-8758-831BEE4B3DFC}.Debug|Any CPU.Build.0 = Debug|Any CPU
		{CC5461DE-7965-4FF8-8758-831BEE4B3DFC}.Release|Any CPU.ActiveCfg = Release|Any CPU
		{CC5461DE-7965-4FF8-8758-831BEE4B3DFC}.Release|Any CPU.Build.0 = Release|Any CPU
	EndGlobalSection
	GlobalSection(SolutionProperties) = preSolution
		HideSolutionNode = FALSE
	EndGlobalSection
	GlobalSection(ExtensibilityGlobals) = postSolution
		SolutionGuid = {0F2A6B4B-4ADB-4407-8B98-A1DF2D368EA3}
	EndGlobalSection
EndGlobal
